
Microsoft Visual Studio Solution File, Format Version 12.00
# Visual Studio Version 16
VisualStudioVersion = 16.0.30002.166
MinimumVisualStudioVersion = 10.0.40219.1
Project("{9A19103F-16F7-4668-BE54-9A1E7A4F7556}") = "Hangfire", "Hangfire.csproj", "{C71B4C02-440C-42CB-961E-9E656A6E3155}"
EndProject
Global
	GlobalSection(SolutionConfigurationPlatforms) = preSolution
		Debug|Any CPU = Debug|Any CPU
		Release|Any CPU = Release|Any CPU
	EndGlobalSection
	GlobalSection(ProjectConfigurationPlatforms) = postSolution
		{C71B4C02-440C-42CB-961E-9E656A6E3155}.Debug|Any CPU.ActiveCfg = Debug|Any CPU
		{C71B4C02-440C-42CB-961E-9E656A6E3155}.Debug|Any CPU.Build.0 = Debug|Any CPU
		{C71B4C02-440C-42CB-961E-9E656A6E3155}.Release|Any CPU.ActiveCfg = Release|Any CPU
		{C71B4C02-440C-42CB-961E-9E656A6E3155}.Release|Any CPU.Build.0 = Release|Any CPU
	EndGlobalSection
	GlobalSection(SolutionProperties) = preSolution
		HideSolutionNode = FALSE
	EndGlobalSection
	GlobalSection(ExtensibilityGlobals) = postSolution
		SolutionGuid = {386D89A9-2A42-41EC-BA0A-3C235A28FD82}
	EndGlobalSection
EndGlobal
